<?xml version="1.0" encoding="utf-8"?>
<Project ToolsVersion="4.0" xmlns="http://schemas.microsoft.com/developer/msbuild/2003">
  <ItemGroup>
    <ResourceCompile Include="EasyMidiRouter.rc" />
  </ItemGroup>
  <ItemGroup>
    <Image Include="EasyMidiRouter.ico" />
  </ItemGroup>
  <ItemGroup>
    <ClInclude Include="resource.h" />
  </ItemGroup>
  <ItemGroup>
    <ClCompile Include="EasyMidiRouterApp.cpp" />
    <ClCompile Include="EasyMidiRouterCmd.cpp" />
  </ItemGroup>
  <ItemGroup>
    <None Include="packages.config" />
  </ItemGroup>
</Project>